
Microsoft Visual Studio Solution File, Format Version 12.00
# Visual Studio Version 16
VisualStudioVersion = 16.0.31729.503
MinimumVisualStudioVersion = 10.0.40219.1
Project("{FAE04EC0-301F-11D3-BF4B-00C04F79EFBC}") = "Ivanov_Ioana_Lab8", "Ivanov_Ioana_Lab8.csproj", "{2C2D80E6-C2E4-4A30-BE88-06DB8BAB9C33}"
EndProject
Global
	GlobalSection(SolutionConfigurationPlatforms) = preSolution
		Debug|Any CPU = Debug|Any CPU
		Release|Any CPU = Release|Any CPU
	EndGlobalSection
	GlobalSection(ProjectConfigurationPlatforms) = postSolution
		{2C2D80E6-C2E4-4A30-BE88-06DB8BAB9C33}.Debug|Any CPU.ActiveCfg = Debug|Any CPU
		{2C2D80E6-C2E4-4A30-BE88-06DB8BAB9C33}.Debug|Any CPU.Build.0 = Debug|Any CPU
		{2C2D80E6-C2E4-4A30-BE88-06DB8BAB9C33}.Release|Any CPU.ActiveCfg = Release|Any CPU
		{2C2D80E6-C2E4-4A30-BE88-06DB8BAB9C33}.Release|Any CPU.Build.0 = Release|Any CPU
	EndGlobalSection
	GlobalSection(SolutionProperties) = preSolution
		HideSolutionNode = FALSE
	EndGlobalSection
	GlobalSection(ExtensibilityGlobals) = postSolution
		SolutionGuid = {7715554D-F630-4C2E-AF94-5EDE35D3E0C0}
	EndGlobalSection
EndGlobal
